
Microsoft Visual Studio Solution File, Format Version 12.00
# Visual Studio Version 17
VisualStudioVersion = 17.0.32126.317
MinimumVisualStudioVersion = 10.0.40219.1
Project("{FAE04EC0-301F-11D3-BF4B-00C04F79EFBC}") = "NewtonHard", "NewtonHard\NewtonHard.csproj", "{7C11748D-F9AD-42F8-98DA-D1E61D9FAB21}"
EndProject
Global
	GlobalSection(SolutionConfigurationPlatforms) = preSolution
		Debug|Any CPU = Debug|Any CPU
		Release|Any CPU = Release|Any CPU
	EndGlobalSection
	GlobalSection(ProjectConfigurationPlatforms) = postSolution
		{7C11748D-F9AD-42F8-98DA-D1E61D9FAB21}.Debug|Any CPU.ActiveCfg = Debug|Any CPU
		{7C11748D-F9AD-42F8-98DA-D1E61D9FAB21}.Debug|Any CPU.Build.0 = Debug|Any CPU
		{7C11748D-F9AD-42F8-98DA-D1E61D9FAB21}.Release|Any CPU.ActiveCfg = Release|Any CPU
		{7C11748D-F9AD-42F8-98DA-D1E61D9FAB21}.Release|Any CPU.Build.0 = Release|Any CPU
	EndGlobalSection
	GlobalSection(SolutionProperties) = preSolution
		HideSolutionNode = FALSE
	EndGlobalSection
	GlobalSection(ExtensibilityGlobals) = postSolution
		SolutionGuid = {6F8BF84C-6B2C-456E-9B69-73D15A82C109}
	EndGlobalSection
EndGlobal
